// !$*UTF8*$!
{
	archiveVersion = 1;
	classes = {
	};
	objectVersion = 50;
	objects = {

/* Begin PBXBuildFile section */
		DA44DA5D21F1DF2900F91F40 /* AppDelegate.swift in Sources */ = {isa = PBXBuildFile; fileRef = DA44DA5C21F1DF2900F91F40 /* AppDelegate.swift */; };
		DA44DA5F21F1DF2900F91F40 /* ViewController.swift in Sources */ = {isa = PBXBuildFile; fileRef = DA44DA5E21F1DF2900F91F40 /* ViewController.swift */; };
		DA44DA6221F1DF2900F91F40 /* Main.storyboard in Resources */ = {isa = PBXBuildFile; fileRef = DA44DA6021F1DF2900F91F40 /* Main.storyboard */; };
		DA44DA6421F1DF2B00F91F40 /* Assets.xcassets in Resources */ = {isa = PBXBuildFile; fileRef = DA44DA6321F1DF2B00F91F40 /* Assets.xcassets */; };
		DA44DA6721F1DF2B00F91F40 /* LaunchScreen.storyboard in Resources */ = {isa = PBXBuildFile; fileRef = DA44DA6521F1DF2B00F91F40 /* LaunchScreen.storyboard */; };
		DA44DA7221F1DF2B00F91F40 /* firebaseExampleTests.swift in Sources */ = {isa = PBXBuildFile; fileRef = DA44DA7121F1DF2B00F91F40 /* firebaseExampleTests.swift */; };
		DA44DA7D21F1DF2B00F91F40 /* firebaseExampleUITests.swift in Sources */ = {isa = PBXBuildFile; fileRef = DA44DA7C21F1DF2B00F91F40 /* firebaseExampleUITests.swift */; };
/* End PBXBuildFile section */

/* Begin PBXContainerItemProxy section */
		DA44DA6E21F1DF2B00F91F40 /* PBXContainerItemProxy */ = {
			isa = PBXContainerItemProxy;
			containerPortal = DA44DA5121F1DF2900F91F40 /* Project object */;
			proxyType = 1;
			remoteGlobalIDString = DA44DA5821F1DF2900F91F40;
			remoteInfo = firebaseExample;
		};
		DA44DA7921F1DF2B00F91F40 /* PBXContainerItemProxy */ = {
			isa = PBXContainerItemProxy;
			containerPortal = DA44DA5121F1DF2900F91F40 /* Project object */;
			proxyType = 1;
			remoteGlobalIDString = DA44DA5821F1DF2900F91F40;
			remoteInfo = firebaseExample;
		};
/* End PBXContainerItemProxy section */

/* Begin PBXFileReference section */
		DA44DA5921F1DF2900F91F40 /* firebaseExample.app */ = {isa = PBXFileReference; explicitFileType = wrapper.application; includeInIndex = 0; path = firebaseExample.app; sourceTree = BUILT_PRODUCTS_DIR; };
		DA44DA5C21F1DF2900F91F40 /* AppDelegate.swift */ = {isa = PBXFileReference; lastKnownFileType = sourcecode.swift; path = AppDelegate.swift; sourceTree = "<group>"; };
		DA44DA5E21F1DF2900F91F40 /* ViewController.swift */ = {isa = PBXFileReference; lastKnownFileType = sourcecode.swift; path = ViewController.swift; sourceTree = "<group>"; };
		DA44DA6121F1DF2900F91F40 /* Base */ = {isa = PBXFileReference; lastKnownFileType = file.storyboard; name = Base; path = Base.lproj/Main.storyboard; sourceTree = "<group>"; };
		DA44DA6321F1DF2B00F91F40 /* Assets.xcassets */ = {isa = PBXFileReference; lastKnownFileType = folder.assetcatalog; path = Assets.xcassets; sourceTree = "<group>"; };
		DA44DA6621F1DF2B00F91F40 /* Base */ = {isa = PBXFileReference; lastKnownFileType = file.storyboard; name = Base; path = Base.lproj/LaunchScreen.storyboard; sourceTree = "<group>"; };
		DA44DA6821F1DF2B00F91F40 /* Info.plist */ = {isa = PBXFileReference; lastKnownFileType = text.plist.xml; path = Info.plist; sourceTree = "<group>"; };
		DA44DA6D21F1DF2B00F91F40 /* firebaseExampleTests.xctest */ = {isa = PBXFileReference; explicitFileType = wrapper.cfbundle; includeInIndex = 0; path = firebaseExampleTests.xctest; sourceTree = BUILT_PRODUCTS_DIR; };
		DA44DA7121F1DF2B00F91F40 /* firebaseExampleTests.swift */ = {isa = PBXFileReference; lastKnownFileType = sourcecode.swift; path = firebaseExampleTests.swift; sourceTree = "<group>"; };
		DA44DA7321F1DF2B00F91F40 /* Info.plist */ = {isa = PBXFileReference; lastKnownFileType = text.plist.xml; path = Info.plist; sourceTree = "<group>"; };
		DA44DA7821F1DF2B00F91F40 /* firebaseExampleUITests.xctest */ = {isa = PBXFileReference; explicitFileType = wrapper.cfbundle; includeInIndex = 0; path = firebaseExampleUITests.xctest; sourceTree = BUILT_PRODUCTS_DIR; };
		DA44DA7C21F1DF2B00F91F40 /* firebaseExampleUITests.swift */ = {isa = PBXFileReference; lastKnownFileType = sourcecode.swift; path = firebaseExampleUITests.swift; sourceTree = "<group>"; };
		DA44DA7E21F1DF2B00F91F40 /* Info.plist */ = {isa = PBXFileReference; lastKnownFileType = text.plist.xml; path = Info.plist; sourceTree = "<group>"; };
/* End PBXFileReference section */

/* Begin PBXFrameworksBuildPhase section */
		DA44DA5621F1DF2900F91F40 /* Frameworks */ = {
			isa = PBXFrameworksBuildPhase;
			buildActionMask = 2147483647;
			files = (
			);
			runOnlyForDeploymentPostprocessing = 0;
		};
		DA44DA6A21F1DF2B00F91F40 /* Frameworks */ = {
			isa = PBXFrameworksBuildPhase;
			buildActionMask = 2147483647;
			files = (
			);
			runOnlyForDeploymentPostprocessing = 0;
		};
		DA44DA7521F1DF2B00F91F40 /* Frameworks */ = {
			isa = PBXFrameworksBuildPhase;
			buildActionMask = 2147483647;
			files = (
			);
			runOnlyForDeploymentPostprocessing = 0;
		};
/* End PBXFrameworksBuildPhase section */

/* Begin PBXGroup section */
		DA44DA5021F1DF2900F91F40 = {
			isa = PBXGroup;
			children = (
				DA44DA5B21F1DF2900F91F40 /* firebaseExample */,
				DA44DA7021F1DF2B00F91F40 /* firebaseExampleTests */,
				DA44DA7B21F1DF2B00F91F40 /* firebaseExampleUITests */,
				DA44DA5A21F1DF2900F91F40 /* Products */,
			);
			sourceTree = "<group>";
		};
		DA44DA5A21F1DF2900F91F40 /* Products */ = {
			isa = PBXGroup;
			children = (
				DA44DA5921F1DF2900F91F40 /* firebaseExample.app */,
				DA44DA6D21F1DF2B00F91F40 /* firebaseExampleTests.xctest */,
				DA44DA7821F1DF2B00F91F40 /* firebaseExampleUITests.xctest */,
			);
			name = Products;
			sourceTree = "<group>";
		};
		DA44DA5B21F1DF2900F91F40 /* firebaseExample */ = {
			isa = PBXGroup;
			children = (
				DA44DA5C21F1DF2900F91F40 /* AppDelegate.swift */,
				DA44DA5E21F1DF2900F91F40 /* ViewController.swift */,
				DA44DA6021F1DF2900F91F40 /* Main.storyboard */,
				DA44DA6321F1DF2B00F91F40 /* Assets.xcassets */,
				DA44DA6521F1DF2B00F91F40 /* LaunchScreen.storyboard */,
				DA44DA6821F1DF2B00F91F40 /* Info.plist */,
			);
			path = firebaseExample;
			sourceTree = "<group>";
		};
		DA44DA7021F1DF2B00F91F40 /* firebaseExampleTests */ = {
			isa = PBXGroup;
			children = (
				DA44DA7121F1DF2B00F91F40 /* firebaseExampleTests.swift */,
				DA44DA7321F1DF2B00F91F40 /* Info.plist */,
			);
			path = firebaseExampleTests;
			sourceTree = "<group>";
		};
		DA44DA7B21F1DF2B00F91F40 /* firebaseExampleUITests */ = {
			isa = PBXGroup;
			children = (
				DA44DA7C21F1DF2B00F91F40 /* firebaseExampleUITests.swift */,
				DA44DA7E21F1DF2B00F91F40 /* Info.plist */,
			);
			path = firebaseExampleUITests;
			sourceTree = "<group>";
		};
/* End PBXGroup section */

/* Begin PBXNativeTarget section */
		DA44DA5821F1DF2900F91F40 /* firebaseExample */ = {
			isa = PBXNativeTarget;
			buildConfigurationList = DA44DA8121F1DF2B00F91F40 /* Build configuration list for PBXNativeTarget "firebaseExample" */;
			buildPhases = (
				DA44DA5521F1DF2900F91F40 /* Sources */,
				DA44DA5621F1DF2900F91F40 /* Frameworks */,
				DA44DA5721F1DF2900F91F40 /* Resources */,
			);
			buildRules = (
			);
			dependencies = (
			);
			name = firebaseExample;
			productName = firebaseExample;
			productReference = DA44DA5921F1DF2900F91F40 /* firebaseExample.app */;
			productType = "com.apple.product-type.application";
		};
		DA44DA6C21F1DF2B00F91F40 /* firebaseExampleTests */ = {
			isa = PBXNativeTarget;
			buildConfigurationList = DA44DA8421F1DF2B00F91F40 /* Build configuration list for PBXNativeTarget "firebaseExampleTests" */;
			buildPhases = (
				DA44DA6921F1DF2B00F91F40 /* Sources */,
				DA44DA6A21F1DF2B00F91F40 /* Frameworks */,
				DA44DA6B21F1DF2B00F91F40 /* Resources */,
			);
			buildRules = (
			);
			dependencies = (
				DA44DA6F21F1DF2B00F91F40 /* PBXTargetDependency */,
			);
			name = firebaseExampleTests;
			productName = firebaseExampleTests;
			productReference = DA44DA6D21F1DF2B00F91F40 /* firebaseExampleTests.xctest */;
			productType = "com.apple.product-type.bundle.unit-test";
		};
		DA44DA7721F1DF2B00F91F40 /* firebaseExampleUITests */ = {
			isa = PBXNativeTarget;
			buildConfigurationList = DA44DA8721F1DF2B00F91F40 /* Build configuration list for PBXNativeTarget "firebaseExampleUITests" */;
			buildPhases = (
				DA44DA7421F1DF2B00F91F40 /* Sources */,
				DA44DA7521F1DF2B00F91F40 /* Frameworks */,
				DA44DA7621F1DF2B00F91F40 /* Resources */,
			);
			buildRules = (
			);
			dependencies = (
				DA44DA7A21F1DF2B00F91F40 /* PBXTargetDependency */,
			);
			name = firebaseExampleUITests;
			productName = firebaseExampleUITests;
			productReference = DA44DA7821F1DF2B00F91F40 /* firebaseExampleUITests.xctest */;
			productType = "com.apple.product-type.bundle.ui-testing";
		};
/* End PBXNativeTarget section */

/* Begin PBXProject section */
		DA44DA5121F1DF2900F91F40 /* Project object */ = {
			isa = PBXProject;
			attributes = {
				LastSwiftUpdateCheck = 1010;
				LastUpgradeCheck = 1010;
				ORGANIZATIONNAME = "Yang, Charles (BJH)";
				TargetAttributes = {
					DA44DA5821F1DF2900F91F40 = {
						CreatedOnToolsVersion = 10.1;
					};
					DA44DA6C21F1DF2B00F91F40 = {
						CreatedOnToolsVersion = 10.1;
						TestTargetID = DA44DA5821F1DF2900F91F40;
					};
					DA44DA7721F1DF2B00F91F40 = {
						CreatedOnToolsVersion = 10.1;
						TestTargetID = DA44DA5821F1DF2900F91F40;
					};
				};
			};
			buildConfigurationList = DA44DA5421F1DF2900F91F40 /* Build configuration list for PBXProject "firebaseExample" */;
			compatibilityVersion = "Xcode 9.3";
			developmentRegion = en;
			hasScannedForEncodings = 0;
			knownRegions = (
				en,
				Base,
			);
			mainGroup = DA44DA5021F1DF2900F91F40;
			productRefGroup = DA44DA5A21F1DF2900F91F40 /* Products */;
			projectDirPath = "";
			projectRoot = "";
			targets = (
				DA44DA5821F1DF2900F91F40 /* firebaseExample */,
				DA44DA6C21F1DF2B00F91F40 /* firebaseExampleTests */,
				DA44DA7721F1DF2B00F91F40 /* firebaseExampleUITests */,
			);
		};
/* End PBXProject section */

/* Begin PBXResourcesBuildPhase section */
		DA44DA5721F1DF2900F91F40 /* Resources */ = {
			isa = PBXResourcesBuildPhase;
			buildActionMask = 2147483647;
			files = (
				DA44DA6721F1DF2B00F91F40 /* LaunchScreen.storyboard in Resources */,
				DA44DA6421F1DF2B00F91F40 /* Assets.xcassets in Resources */,
				DA44DA6221F1DF2900F91F40 /* Main.storyboard in Resources */,
			);
			runOnlyForDeploymentPostprocessing = 0;
		};
		DA44DA6B21F1DF2B00F91F40 /* Resources */ = {
			isa = PBXResourcesBuildPhase;
			buildActionMask = 2147483647;
			files = (
			);
			runOnlyForDeploymentPostprocessing = 0;
		};
		DA44DA7621F1DF2B00F91F40 /* Resources */ = {
			isa = PBXResourcesBuildPhase;
			buildActionMask = 2147483647;
			files = (
			);
			runOnlyForDeploymentPostprocessing = 0;
		};
/* End PBXResourcesBuildPhase section */

/* Begin PBXSourcesBuildPhase section */
		DA44DA5521F1DF2900F91F40 /* Sources */ = {
			isa = PBXSourcesBuildPhase;
			buildActionMask = 2147483647;
			files = (
				DA44DA5F21F1DF2900F91F40 /* ViewController.swift in Sources */,
				DA44DA5D21F1DF2900F91F40 /* AppDelegate.swift in Sources */,
			);
			runOnlyForDeploymentPostprocessing = 0;
		};
		DA44DA6921F1DF2B00F91F40 /* Sources */ = {
			isa = PBXSourcesBuildPhase;
			buildActionMask = 2147483647;
			files = (
				DA44DA7221F1DF2B00F91F40 /* firebaseExampleTests.swift in Sources */,
			);
			runOnlyForDeploymentPostprocessing = 0;
		};
		DA44DA7421F1DF2B00F91F40 /* Sources */ = {
			isa = PBXSourcesBuildPhase;
			buildActionMask = 2147483647;
			files = (
				DA44DA7D21F1DF2B00F91F40 /* firebaseExampleUITests.swift in Sources */,
			);
			runOnlyForDeploymentPostprocessing = 0;
		};
/* End PBXSourcesBuildPhase section */

/* Begin PBXTargetDependency section */
		DA44DA6F21F1DF2B00F91F40 /* PBXTargetDependency */ = {
			isa = PBXTargetDependency;
			target = DA44DA5821F1DF2900F91F40 /* firebaseExample */;
			targetProxy = DA44DA6E21F1DF2B00F91F40 /* PBXContainerItemProxy */;
		};
		DA44DA7A21F1DF2B00F91F40 /* PBXTargetDependency */ = {
			isa = PBXTargetDependency;
			target = DA44DA5821F1DF2900F91F40 /* firebaseExample */;
			targetProxy = DA44DA7921F1DF2B00F91F40 /* PBXContainerItemProxy */;
		};
/* End PBXTargetDependency section */

/* Begin PBXVariantGroup section */
		DA44DA6021F1DF2900F91F40 /* Main.storyboard */ = {
			isa = PBXVariantGroup;
			children = (
				DA44DA6121F1DF2900F91F40 /* Base */,
			);
			name = Main.storyboard;
			sourceTree = "<group>";
		};
		DA44DA6521F1DF2B00F91F40 /* LaunchScreen.storyboard */ = {
			isa = PBXVariantGroup;
			children = (
				DA44DA6621F1DF2B00F91F40 /* Base */,
			);
			name = LaunchScreen.storyboard;
			sourceTree = "<group>";
		};
/* End PBXVariantGroup section */

/* Begin XCBuildConfiguration section */
		DA44DA7F21F1DF2B00F91F40 /* Debug */ = {
			isa = XCBuildConfiguration;
			buildSettings = {
				ALWAYS_SEARCH_USER_PATHS = NO;
				CLANG_ANALYZER_NONNULL = YES;
				CLANG_ANALYZER_NUMBER_OBJECT_CONVERSION = YES_AGGRESSIVE;
				CLANG_CXX_LANGUAGE_STANDARD = "gnu++14";
				CLANG_CXX_LIBRARY = "libc++";
				CLANG_ENABLE_MODULES = YES;
				CLANG_ENABLE_OBJC_ARC = YES;
				CLANG_ENABLE_OBJC_WEAK = YES;
				CLANG_WARN_BLOCK_CAPTURE_AUTORELEASING = YES;
				CLANG_WARN_BOOL_CONVERSION = YES;
				CLANG_WARN_COMMA = YES;
				CLANG_WARN_CONSTANT_CONVERSION = YES;
				CLANG_WARN_DEPRECATED_OBJC_IMPLEMENTATIONS = YES;
				CLANG_WARN_DIRECT_OBJC_ISA_USAGE = YES_ERROR;
				CLANG_WARN_DOCUMENTATION_COMMENTS = YES;
				CLANG_WARN_EMPTY_BODY = YES;
				CLANG_WARN_ENUM_CONVERSION = YES;
				CLANG_WARN_INFINITE_RECURSION = YES;
				CLANG_WARN_INT_CONVERSION = YES;
				CLANG_WARN_NON_LITERAL_NULL_CONVERSION = YES;
				CLANG_WARN_OBJC_IMPLICIT_RETAIN_SELF = YES;
				CLANG_WARN_OBJC_LITERAL_CONVERSION = YES;
				CLANG_WARN_OBJC_ROOT_CLASS = YES_ERROR;
				CLANG_WARN_RANGE_LOOP_ANALYSIS = YES;
				CLANG_WARN_STRICT_PROTOTYPES = YES;
				CLANG_WARN_SUSPICIOUS_MOVE = YES;
				CLANG_WARN_UNGUARDED_AVAILABILITY = YES_AGGRESSIVE;
				CLANG_WARN_UNREACHABLE_CODE = YES;
				CLANG_WARN__DUPLICATE_METHOD_MATCH = YES;
				CODE_SIGN_IDENTITY = "iPhone Developer";
				COPY_PHASE_STRIP = NO;
				DEBUG_INFORMATION_FORMAT = dwarf;
				ENABLE_STRICT_OBJC_MSGSEND = YES;
				ENABLE_TESTABILITY = YES;
				GCC_C_LANGUAGE_STANDARD = gnu11;
				GCC_DYNAMIC_NO_PIC = NO;
				GCC_NO_COMMON_BLOCKS = YES;
				GCC_OPTIMIZATION_LEVEL = 0;
				GCC_PREPROCESSOR_DEFINITIONS = (
					"DEBUG=1",
					"$(inherited)",
				);
				GCC_WARN_64_TO_32_BIT_CONVERSION = YES;
				GCC_WARN_ABOUT_RETURN_TYPE = YES_ERROR;
				GCC_WARN_UNDECLARED_SELECTOR = YES;
				GCC_WARN_UNINITIALIZED_AUTOS = YES_AGGRESSIVE;
				GCC_WARN_UNUSED_FUNCTION = YES;
				GCC_WARN_UNUSED_VARIABLE = YES;
				IPHONEOS_DEPLOYMENT_TARGET = 12.1;
				MTL_ENABLE_DEBUG_INFO = INCLUDE_SOURCE;
				MTL_FAST_MATH = YES;
				ONLY_ACTIVE_ARCH = YES;
				SDKROOT = iphoneos;
				SWIFT_ACTIVE_COMPILATION_CONDITIONS = DEBUG;
				SWIFT_OPTIMIZATION_LEVEL = "-Onone";
			};
			name = Debug;
		};
		DA44DA8021F1DF2B00F91F40 /* Release */ = {
			isa = XCBuildConfiguration;
			buildSettings = {
				ALWAYS_SEARCH_USER_PATHS = NO;
				CLANG_ANALYZER_NONNULL = YES;
				CLANG_ANALYZER_NUMBER_OBJECT_CONVERSION = YES_AGGRESSIVE;
				CLANG_CXX_LANGUAGE_STANDARD = "gnu++14";
				CLANG_CXX_LIBRARY = "libc++";
				CLANG_ENABLE_MODULES = YES;
				CLANG_ENABLE_OBJC_ARC = YES;
				CLANG_ENABLE_OBJC_WEAK = YES;
				CLANG_WARN_BLOCK_CAPTURE_AUTORELEASING = YES;
				CLANG_WARN_BOOL_CONVERSION = YES;
				CLANG_WARN_COMMA = YES;
				CLANG_WARN_CONSTANT_CONVERSION = YES;
				CLANG_WARN_DEPRECATED_OBJC_IMPLEMENTATIONS = YES;
				CLANG_WARN_DIRECT_OBJC_ISA_USAGE = YES_ERROR;
				CLANG_WARN_DOCUMENTATION_COMMENTS = YES;
				CLANG_WARN_EMPTY_BODY = YES;
				CLANG_WARN_ENUM_CONVERSION = YES;
				CLANG_WARN_INFINITE_RECURSION = YES;
				CLANG_WARN_INT_CONVERSION = YES;
				CLANG_WARN_NON_LITERAL_NULL_CONVERSION = YES;
				CLANG_WARN_OBJC_IMPLICIT_RETAIN_SELF = YES;
				CLANG_WARN_OBJC_LITERAL_CONVERSION = YES;
				CLANG_WARN_OBJC_ROOT_CLASS = YES_ERROR;
				CLANG_WARN_RANGE_LOOP_ANALYSIS = YES;
				CLANG_WARN_STRICT_PROTOTYPES = YES;
				CLANG_WARN_SUSPICIOUS_MOVE = YES;
				CLANG_WARN_UNGUARDED_AVAILABILITY = YES_AGGRESSIVE;
				CLANG_WARN_UNREACHABLE_CODE = YES;
				CLANG_WARN__DUPLICATE_METHOD_MATCH = YES;
				CODE_SIGN_IDENTITY = "iPhone Developer";
				COPY_PHASE_STRIP = NO;
				DEBUG_INFORMATION_FORMAT = "dwarf-with-dsym";
				ENABLE_NS_ASSERTIONS = NO;
				ENABLE_STRICT_OBJC_MSGSEND = YES;
				GCC_C_LANGUAGE_STANDARD = gnu11;
				GCC_NO_COMMON_BLOCKS = YES;
				GCC_WARN_64_TO_32_BIT_CONVERSION = YES;
				GCC_WARN_ABOUT_RETURN_TYPE = YES_ERROR;
				GCC_WARN_UNDECLARED_SELECTOR = YES;
				GCC_WARN_UNINITIALIZED_AUTOS = YES_AGGRESSIVE;
				GCC_WARN_UNUSED_FUNCTION = YES;
				GCC_WARN_UNUSED_VARIABLE = YES;
				IPHONEOS_DEPLOYMENT_TARGET = 12.1;
				MTL_ENABLE_DEBUG_INFO = NO;
				MTL_FAST_MATH = YES;
				SDKROOT = iphoneos;
				SWIFT_COMPILATION_MODE = wholemodule;
				SWIFT_OPTIMIZATION_LEVEL = "-O";
				VALIDATE_PRODUCT = YES;
			};
			name = Release;
		};
		DA44DA8221F1DF2B00F91F40 /* Debug */ = {
			isa = XCBuildConfiguration;
			buildSettings = {
				ASSETCATALOG_COMPILER_APPICON_NAME = AppIcon;
				CODE_SIGN_STYLE = Automatic;
				INFOPLIST_FILE = firebaseExample/Info.plist;
				LD_RUNPATH_SEARCH_PATHS = (
					"$(inherited)",
					"@executable_path/Frameworks",
				);
				PRODUCT_BUNDLE_IDENTIFIER = eton.firebaseExample;
				PRODUCT_NAME = "$(TARGET_NAME)";
				SWIFT_VERSION = 4.2;
				TARGETED_DEVICE_FAMILY = "1,2";
			};
			name = Debug;
		};
		DA44DA8321F1DF2B00F91F40 /* Release */ = {
			isa = XCBuildConfiguration;
			buildSettings = {
				ASSETCATALOG_COMPILER_APPICON_NAME = AppIcon;
				CODE_SIGN_STYLE = Automatic;
				INFOPLIST_FILE = firebaseExample/Info.plist;
				LD_RUNPATH_SEARCH_PATHS = (
					"$(inherited)",
					"@executable_path/Frameworks",
				);
				PRODUCT_BUNDLE_IDENTIFIER = eton.firebaseExample;
				PRODUCT_NAME = "$(TARGET_NAME)";
				SWIFT_VERSION = 4.2;
				TARGETED_DEVICE_FAMILY = "1,2";
			};
			name = Release;
		};
		DA44DA8521F1DF2B00F91F40 /* Debug */ = {
			isa = XCBuildConfiguration;
			buildSettings = {
				ALWAYS_EMBED_SWIFT_STANDARD_LIBRARIES = YES;
				BUNDLE_LOADER = "$(TEST_HOST)";
				CODE_SIGN_STYLE = Automatic;
				INFOPLIST_FILE = firebaseExampleTests/Info.plist;
				LD_RUNPATH_SEARCH_PATHS = (
					"$(inherited)",
					"@executable_path/Frameworks",
					"@loader_path/Frameworks",
				);
				PRODUCT_BUNDLE_IDENTIFIER = eton.firebaseExampleTests;
				PRODUCT_NAME = "$(TARGET_NAME)";
				SWIFT_VERSION = 4.2;
				TARGETED_DEVICE_FAMILY = "1,2";
				TEST_HOST = "$(BUILT_PRODUCTS_DIR)/firebaseExample.app/firebaseExample";
			};
			name = Debug;
		};
		DA44DA8621F1DF2B00F91F40 /* Release */ = {
			isa = XCBuildConfiguration;
			buildSettings = {
				ALWAYS_EMBED_SWIFT_STANDARD_LIBRARIES = YES;
				BUNDLE_LOADER = "$(TEST_HOST)";
				CODE_SIGN_STYLE = Automatic;
				INFOPLIST_FILE = firebaseExampleTests/Info.plist;
				LD_RUNPATH_SEARCH_PATHS = (
					"$(inherited)",
					"@executable_path/Frameworks",
					"@loader_path/Frameworks",
				);
				PRODUCT_BUNDLE_IDENTIFIER = eton.firebaseExampleTests;
				PRODUCT_NAME = "$(TARGET_NAME)";
				SWIFT_VERSION = 4.2;
				TARGETED_DEVICE_FAMILY = "1,2";
				TEST_HOST = "$(BUILT_PRODUCTS_DIR)/firebaseExample.app/firebaseExample";
			};
			name = Release;
		};
		DA44DA8821F1DF2B00F91F40 /* Debug */ = {
			isa = XCBuildConfiguration;
			buildSettings = {
				ALWAYS_EMBED_SWIFT_STANDARD_LIBRARIES = YES;
				CODE_SIGN_STYLE = Automatic;
				INFOPLIST_FILE = firebaseExampleUITests/Info.plist;
				LD_RUNPATH_SEARCH_PATHS = (
					"$(inherited)",
					"@executable_path/Frameworks",
					"@loader_path/Frameworks",
				);
				PRODUCT_BUNDLE_IDENTIFIER = eton.firebaseExampleUITests;
				PRODUCT_NAME = "$(TARGET_NAME)";
				SWIFT_VERSION = 4.2;
				TARGETED_DEVICE_FAMILY = "1,2";
				TEST_TARGET_NAME = firebaseExample;
			};
			name = Debug;
		};
		DA44DA8921F1DF2B00F91F40 /* Release */ = {
			isa = XCBuildConfiguration;
			buildSettings = {
				ALWAYS_EMBED_SWIFT_STANDARD_LIBRARIES = YES;
				CODE_SIGN_STYLE = Automatic;
				INFOPLIST_FILE = firebaseExampleUITests/Info.plist;
				LD_RUNPATH_SEARCH_PATHS = (
					"$(inherited)",
					"@executable_path/Frameworks",
					"@loader_path/Frameworks",
				);
				PRODUCT_BUNDLE_IDENTIFIER = eton.firebaseExampleUITests;
				PRODUCT_NAME = "$(TARGET_NAME)";
				SWIFT_VERSION = 4.2;
				TARGETED_DEVICE_FAMILY = "1,2";
				TEST_TARGET_NAME = firebaseExample;
			};
			name = Release;
		};
/* End XCBuildConfiguration section */

/* Begin XCConfigurationList section */
		DA44DA5421F1DF2900F91F40 /* Build configuration list for PBXProject "firebaseExample" */ = {
			isa = XCConfigurationList;
			buildConfigurations = (
				DA44DA7F21F1DF2B00F91F40 /* Debug */,
				DA44DA8021F1DF2B00F91F40 /* Release */,
			);
			defaultConfigurationIsVisible = 0;
			defaultConfigurationName = Release;
		};
		DA44DA8121F1DF2B00F91F40 /* Build configuration list for PBXNativeTarget "firebaseExample" */ = {
			isa = XCConfigurationList;
			buildConfigurations = (
				DA44DA8221F1DF2B00F91F40 /* Debug */,
				DA44DA8321F1DF2B00F91F40 /* Release */,
			);
			defaultConfigurationIsVisible = 0;
			defaultConfigurationName = Release;
		};
		DA44DA8421F1DF2B00F91F40 /* Build configuration list for PBXNativeTarget "firebaseExampleTests" */ = {
			isa = XCConfigurationList;
			buildConfigurations = (
				DA44DA8521F1DF2B00F91F40 /* Debug */,
				DA44DA8621F1DF2B00F91F40 /* Release */,
			);
			defaultConfigurationIsVisible = 0;
			defaultConfigurationName = Release;
		};
		DA44DA8721F1DF2B00F91F40 /* Build configuration list for PBXNativeTarget "firebaseExampleUITests" */ = {
			isa = XCConfigurationList;
			buildConfigurations = (
				DA44DA8821F1DF2B00F91F40 /* Debug */,
				DA44DA8921F1DF2B00F91F40 /* Release */,
			);
			defaultConfigurationIsVisible = 0;
			defaultConfigurationName = Release;
		};
/* End XCConfigurationList section */
	};
	rootObject = DA44DA5121F1DF2900F91F40 /* Project object */;
}
